
Microsoft Visual Studio Solution File, Format Version 12.00
# Visual Studio Version 17
VisualStudioVersion = 17.7.34221.43
MinimumVisualStudioVersion = 10.0.40219.1
Project("{FAE04EC0-301F-11D3-BF4B-00C04F79EFBC}") = "PropertyVeClassYapilari", "PropertyVeClassYapilari.csproj", "{B9E1029E-C164-476D-BD1B-4E9CE8C7053F}"
EndProject
Global
	GlobalSection(SolutionConfigurationPlatforms) = preSolution
		Debug|Any CPU = Debug|Any CPU
		Release|Any CPU = Release|Any CPU
	EndGlobalSection
	GlobalSection(ProjectConfigurationPlatforms) = postSolution
		{B9E1029E-C164-476D-BD1B-4E9CE8C7053F}.Debug|Any CPU.ActiveCfg = Debug|Any CPU
		{B9E1029E-C164-476D-BD1B-4E9CE8C7053F}.Debug|Any CPU.Build.0 = Debug|Any CPU
		{B9E1029E-C164-476D-BD1B-4E9CE8C7053F}.Release|Any CPU.ActiveCfg = Release|Any CPU
		{B9E1029E-C164-476D-BD1B-4E9CE8C7053F}.Release|Any CPU.Build.0 = Release|Any CPU
	EndGlobalSection
	GlobalSection(SolutionProperties) = preSolution
		HideSolutionNode = FALSE
	EndGlobalSection
	GlobalSection(ExtensibilityGlobals) = postSolution
		SolutionGuid = {280D7753-F7F7-4A96-B828-4D2837207904}
	EndGlobalSection
EndGlobal
