
Microsoft Visual Studio Solution File, Format Version 12.00
# Visual Studio Version 17
VisualStudioVersion = 17.8.34309.116
MinimumVisualStudioVersion = 10.0.40219.1
Project("{FAE04EC0-301F-11D3-BF4B-00C04F79EFBC}") = "Server.WebApi", "Server.WebApi\Server.WebApi.csproj", "{BDF87463-CDBC-4AC9-8DCE-9A65C43B0592}"
EndProject
Global
	GlobalSection(SolutionConfigurationPlatforms) = preSolution
		Debug|Any CPU = Debug|Any CPU
		Release|Any CPU = Release|Any CPU
	EndGlobalSection
	GlobalSection(ProjectConfigurationPlatforms) = postSolution
		{BDF87463-CDBC-4AC9-8DCE-9A65C43B0592}.Debug|Any CPU.ActiveCfg = Debug|Any CPU
		{BDF87463-CDBC-4AC9-8DCE-9A65C43B0592}.Debug|Any CPU.Build.0 = Debug|Any CPU
		{BDF87463-CDBC-4AC9-8DCE-9A65C43B0592}.Release|Any CPU.ActiveCfg = Release|Any CPU
		{BDF87463-CDBC-4AC9-8DCE-9A65C43B0592}.Release|Any CPU.Build.0 = Release|Any CPU
	EndGlobalSection
	GlobalSection(SolutionProperties) = preSolution
		HideSolutionNode = FALSE
	EndGlobalSection
	GlobalSection(ExtensibilityGlobals) = postSolution
		SolutionGuid = {3F65FB1D-54E3-4540-80E7-825B532AB00A}
	EndGlobalSection
EndGlobal
