
Microsoft Visual Studio Solution File, Format Version 12.00
# Visual Studio Version 17
VisualStudioVersion = 17.7.34221.43
MinimumVisualStudioVersion = 10.0.40219.1
Project("{FAE04EC0-301F-11D3-BF4B-00C04F79EFBC}") = "TopLevelStatementExample", "TopLevelStatementExample.csproj", "{DF89A86D-7F92-45F2-8D60-BDFB8D8229EF}"
EndProject
Global
	GlobalSection(SolutionConfigurationPlatforms) = preSolution
		Debug|Any CPU = Debug|Any CPU
		Release|Any CPU = Release|Any CPU
	EndGlobalSection
	GlobalSection(ProjectConfigurationPlatforms) = postSolution
		{DF89A86D-7F92-45F2-8D60-BDFB8D8229EF}.Debug|Any CPU.ActiveCfg = Debug|Any CPU
		{DF89A86D-7F92-45F2-8D60-BDFB8D8229EF}.Debug|Any CPU.Build.0 = Debug|Any CPU
		{DF89A86D-7F92-45F2-8D60-BDFB8D8229EF}.Release|Any CPU.ActiveCfg = Release|Any CPU
		{DF89A86D-7F92-45F2-8D60-BDFB8D8229EF}.Release|Any CPU.Build.0 = Release|Any CPU
	EndGlobalSection
	GlobalSection(SolutionProperties) = preSolution
		HideSolutionNode = FALSE
	EndGlobalSection
	GlobalSection(ExtensibilityGlobals) = postSolution
		SolutionGuid = {004AB598-4D53-4F9B-ADB0-45FB2C65F4F3}
	EndGlobalSection
EndGlobal
