
Microsoft Visual Studio Solution File, Format Version 12.00
# Visual Studio Version 17
VisualStudioVersion = 17.8.34309.116
MinimumVisualStudioVersion = 10.0.40219.1
Project("{FAE04EC0-301F-11D3-BF4B-00C04F79EFBC}") = "AccessModifierProject.ConsoleApp", "AccessModifierProject.ConsoleApp\AccessModifierProject.ConsoleApp.csproj", "{5E893C84-C2BC-4A14-9096-B211CA3664EC}"
EndProject
Project("{FAE04EC0-301F-11D3-BF4B-00C04F79EFBC}") = "AccessModifierProject.ClassLibrary", "AccessModifierProject.ClassLibrary\AccessModifierProject.ClassLibrary.csproj", "{13EA7A87-7C01-4696-B152-1A26369A6477}"
EndProject
Global
	GlobalSection(SolutionConfigurationPlatforms) = preSolution
		Debug|Any CPU = Debug|Any CPU
		Release|Any CPU = Release|Any CPU
	EndGlobalSection
	GlobalSection(ProjectConfigurationPlatforms) = postSolution
		{5E893C84-C2BC-4A14-9096-B211CA3664EC}.Debug|Any CPU.ActiveCfg = Debug|Any CPU
		{5E893C84-C2BC-4A14-9096-B211CA3664EC}.Debug|Any CPU.Build.0 = Debug|Any CPU
		{5E893C84-C2BC-4A14-9096-B211CA3664EC}.Release|Any CPU.ActiveCfg = Release|Any CPU
		{5E893C84-C2BC-4A14-9096-B211CA3664EC}.Release|Any CPU.Build.0 = Release|Any CPU
		{13EA7A87-7C01-4696-B152-1A26369A6477}.Debug|Any CPU.ActiveCfg = Debug|Any CPU
		{13EA7A87-7C01-4696-B152-1A26369A6477}.Debug|Any CPU.Build.0 = Debug|Any CPU
		{13EA7A87-7C01-4696-B152-1A26369A6477}.Release|Any CPU.ActiveCfg = Release|Any CPU
		{13EA7A87-7C01-4696-B152-1A26369A6477}.Release|Any CPU.Build.0 = Release|Any CPU
	EndGlobalSection
	GlobalSection(SolutionProperties) = preSolution
		HideSolutionNode = FALSE
	EndGlobalSection
	GlobalSection(ExtensibilityGlobals) = postSolution
		SolutionGuid = {AED35D1A-7BC9-48A3-A24D-E384F953D36F}
	EndGlobalSection
EndGlobal
