
Microsoft Visual Studio Solution File, Format Version 12.00
# Visual Studio Version 17
VisualStudioVersion = 17.8.34322.80
MinimumVisualStudioVersion = 10.0.40219.1
Project("{FAE04EC0-301F-11D3-BF4B-00C04F79EFBC}") = "NET8WebApiWithMongoDb", "NET8WebApiWithMongoDb.csproj", "{D8EE56F9-7C05-4209-84E7-DF8729E6B53F}"
EndProject
Global
	GlobalSection(SolutionConfigurationPlatforms) = preSolution
		Debug|Any CPU = Debug|Any CPU
		Release|Any CPU = Release|Any CPU
	EndGlobalSection
	GlobalSection(ProjectConfigurationPlatforms) = postSolution
		{D8EE56F9-7C05-4209-84E7-DF8729E6B53F}.Debug|Any CPU.ActiveCfg = Debug|Any CPU
		{D8EE56F9-7C05-4209-84E7-DF8729E6B53F}.Debug|Any CPU.Build.0 = Debug|Any CPU
		{D8EE56F9-7C05-4209-84E7-DF8729E6B53F}.Release|Any CPU.ActiveCfg = Release|Any CPU
		{D8EE56F9-7C05-4209-84E7-DF8729E6B53F}.Release|Any CPU.Build.0 = Release|Any CPU
	EndGlobalSection
	GlobalSection(SolutionProperties) = preSolution
		HideSolutionNode = FALSE
	EndGlobalSection
	GlobalSection(ExtensibilityGlobals) = postSolution
		SolutionGuid = {283A510A-2A70-483D-833D-039C45F46306}
	EndGlobalSection
EndGlobal
